
Microsoft Visual Studio Solution File, Format Version 12.00
# Visual Studio 15
VisualStudioVersion = 15.0.27130.2020
MinimumVisualStudioVersion = 10.0.40219.1
Project("{A0786B88-2ADB-4C21-ABE8-AA2D79766269}") = "DigitalOceanV2", "DigitalOceanV2.phpproj", "{E1564B5D-1443-4B7E-AA72-C02252787DA3}"
EndProject
Global
	GlobalSection(SolutionConfigurationPlatforms) = preSolution
		Debug|Any CPU = Debug|Any CPU
		Release|Any CPU = Release|Any CPU
	EndGlobalSection
	GlobalSection(ProjectConfigurationPlatforms) = postSolution
		{E1564B5D-1443-4B7E-AA72-C02252787DA3}.Debug|Any CPU.ActiveCfg = Debug|Any CPU
		{E1564B5D-1443-4B7E-AA72-C02252787DA3}.Release|Any CPU.ActiveCfg = Release|Any CPU
	EndGlobalSection
	GlobalSection(SolutionProperties) = preSolution
		HideSolutionNode = FALSE
	EndGlobalSection
	GlobalSection(ExtensibilityGlobals) = postSolution
		SolutionGuid = {413B70AF-5F83-4BD5-AC71-917006586D6B}
	EndGlobalSection
EndGlobal
